
Microsoft Visual Studio Solution File, Format Version 12.00
# Visual Studio Version 17
VisualStudioVersion = 17.12.35707.178 d17.12
MinimumVisualStudioVersion = 10.0.40219.1
Project("{FAE04EC0-301F-11D3-BF4B-00C04F79EFBC}") = "FlightManagementSystem.API", "FlightManagementSystem.API\FlightManagementSystem.API.csproj", "{3711A23A-1E6B-472F-8441-2C976E923525}"
EndProject
Project("{FAE04EC0-301F-11D3-BF4B-00C04F79EFBC}") = "FlightManagementSystem.Application", "FlightManagementSystem.Application\FlightManagementSystem.Application.csproj", "{BE29666C-4A8C-4E4B-A5E7-D9581F02BFDB}"
EndProject
Project("{FAE04EC0-301F-11D3-BF4B-00C04F79EFBC}") = "FlightManagementSystem.Domain", "FlightManagementSystem.Domain\FlightManagementSystem.Domain.csproj", "{7F10BBF7-9AFC-4924-A873-3F80A0C87E51}"
EndProject
Project("{FAE04EC0-301F-11D3-BF4B-00C04F79EFBC}") = "FlightManagementSystem.Infrastructure", "FlightManagementSystem.Persistence\FlightManagementSystem.Infrastructure.csproj", "{C9F3011F-F814-471D-9BAF-F6A7A3BEB631}"
EndProject
Global
	GlobalSection(SolutionConfigurationPlatforms) = preSolution
		Debug|Any CPU = Debug|Any CPU
		Release|Any CPU = Release|Any CPU
	EndGlobalSection
	GlobalSection(ProjectConfigurationPlatforms) = postSolution
		{3711A23A-1E6B-472F-8441-2C976E923525}.Debug|Any CPU.ActiveCfg = Debug|Any CPU
		{3711A23A-1E6B-472F-8441-2C976E923525}.Debug|Any CPU.Build.0 = Debug|Any CPU
		{3711A23A-1E6B-472F-8441-2C976E923525}.Release|Any CPU.ActiveCfg = Release|Any CPU
		{3711A23A-1E6B-472F-8441-2C976E923525}.Release|Any CPU.Build.0 = Release|Any CPU
		{BE29666C-4A8C-4E4B-A5E7-D9581F02BFDB}.Debug|Any CPU.ActiveCfg = Debug|Any CPU
		{BE29666C-4A8C-4E4B-A5E7-D9581F02BFDB}.Debug|Any CPU.Build.0 = Debug|Any CPU
		{BE29666C-4A8C-4E4B-A5E7-D9581F02BFDB}.Release|Any CPU.ActiveCfg = Release|Any CPU
		{BE29666C-4A8C-4E4B-A5E7-D9581F02BFDB}.Release|Any CPU.Build.0 = Release|Any CPU
		{7F10BBF7-9AFC-4924-A873-3F80A0C87E51}.Debug|Any CPU.ActiveCfg = Debug|Any CPU
		{7F10BBF7-9AFC-4924-A873-3F80A0C87E51}.Debug|Any CPU.Build.0 = Debug|Any CPU
		{7F10BBF7-9AFC-4924-A873-3F80A0C87E51}.Release|Any CPU.ActiveCfg = Release|Any CPU
		{7F10BBF7-9AFC-4924-A873-3F80A0C87E51}.Release|Any CPU.Build.0 = Release|Any CPU
		{C9F3011F-F814-471D-9BAF-F6A7A3BEB631}.Debug|Any CPU.ActiveCfg = Debug|Any CPU
		{C9F3011F-F814-471D-9BAF-F6A7A3BEB631}.Debug|Any CPU.Build.0 = Debug|Any CPU
		{C9F3011F-F814-471D-9BAF-F6A7A3BEB631}.Release|Any CPU.ActiveCfg = Release|Any CPU
		{C9F3011F-F814-471D-9BAF-F6A7A3BEB631}.Release|Any CPU.Build.0 = Release|Any CPU
	EndGlobalSection
	GlobalSection(SolutionProperties) = preSolution
		HideSolutionNode = FALSE
	EndGlobalSection
EndGlobal
